
Microsoft Visual Studio Solution File, Format Version 12.00
# Visual Studio Version 16
VisualStudioVersion = 16.0.31515.178
MinimumVisualStudioVersion = 10.0.40219.1
Project("{FAE04EC0-301F-11D3-BF4B-00C04F79EFBC}") = "Vend Sync", "Vend Sync.csproj", "{9F10B5EF-C936-475F-A0BF-7267B0C86E5E}"
EndProject
Global
	GlobalSection(SolutionConfigurationPlatforms) = preSolution
		Debug|Any CPU = Debug|Any CPU
		Release|Any CPU = Release|Any CPU
	EndGlobalSection
	GlobalSection(ProjectConfigurationPlatforms) = postSolution
		{9F10B5EF-C936-475F-A0BF-7267B0C86E5E}.Debug|Any CPU.ActiveCfg = Debug|Any CPU
		{9F10B5EF-C936-475F-A0BF-7267B0C86E5E}.Debug|Any CPU.Build.0 = Debug|Any CPU
		{9F10B5EF-C936-475F-A0BF-7267B0C86E5E}.Release|Any CPU.ActiveCfg = Release|Any CPU
		{9F10B5EF-C936-475F-A0BF-7267B0C86E5E}.Release|Any CPU.Build.0 = Release|Any CPU
	EndGlobalSection
	GlobalSection(SolutionProperties) = preSolution
		HideSolutionNode = FALSE
	EndGlobalSection
	GlobalSection(ExtensibilityGlobals) = postSolution
		SolutionGuid = {EAE30DE6-FE27-40AC-8696-A8752AC1B7ED}
	EndGlobalSection
EndGlobal
